
Microsoft Visual Studio Solution File, Format Version 12.00
# Visual Studio Version 17
VisualStudioVersion = 17.6.33815.320
MinimumVisualStudioVersion = 10.0.40219.1
Project("{FAE04EC0-301F-11D3-BF4B-00C04F79EFBC}") = "Intelly-Web", "Intelly-Web\Intelly-Web.csproj", "{8906EA2E-7A51-4F46-A838-879CBD3BC953}"
EndProject
Global
	GlobalSection(SolutionConfigurationPlatforms) = preSolution
		Debug|Any CPU = Debug|Any CPU
		Release|Any CPU = Release|Any CPU
	EndGlobalSection
	GlobalSection(ProjectConfigurationPlatforms) = postSolution
		{8906EA2E-7A51-4F46-A838-879CBD3BC953}.Debug|Any CPU.ActiveCfg = Debug|Any CPU
		{8906EA2E-7A51-4F46-A838-879CBD3BC953}.Debug|Any CPU.Build.0 = Debug|Any CPU
		{8906EA2E-7A51-4F46-A838-879CBD3BC953}.Release|Any CPU.ActiveCfg = Release|Any CPU
		{8906EA2E-7A51-4F46-A838-879CBD3BC953}.Release|Any CPU.Build.0 = Release|Any CPU
	EndGlobalSection
	GlobalSection(SolutionProperties) = preSolution
		HideSolutionNode = FALSE
	EndGlobalSection
	GlobalSection(ExtensibilityGlobals) = postSolution
		SolutionGuid = {FBC1C730-BCEA-4229-9C31-9A1B20828D62}
	EndGlobalSection
EndGlobal
